// !$*UTF8*$!
{
	archiveVersion = 1;
	classes = {
	};
	objectVersion = 46;
	objects = {

/* Begin PBXBuildFile section */
		03F145811A8120AF00676128 /* main.m in Sources */ = {isa = PBXBuildFile; fileRef = 03F145801A8120AF00676128 /* main.m */; };
		03F145841A8120AF00676128 /* AppDelegate.m in Sources */ = {isa = PBXBuildFile; fileRef = 03F145831A8120AF00676128 /* AppDelegate.m */; };
		03F145871A8120AF00676128 /* ViewController.m in Sources */ = {isa = PBXBuildFile; fileRef = 03F145861A8120AF00676128 /* ViewController.m */; };
		03F1458A1A8120AF00676128 /* Main.storyboard in Resources */ = {isa = PBXBuildFile; fileRef = 03F145881A8120AF00676128 /* Main.storyboard */; };
		03F1458C1A8120AF00676128 /* Images.xcassets in Resources */ = {isa = PBXBuildFile; fileRef = 03F1458B1A8120AF00676128 /* Images.xcassets */; };
		03F1458F1A8120AF00676128 /* LaunchScreen.xib in Resources */ = {isa = PBXBuildFile; fileRef = 03F1458D1A8120AF00676128 /* LaunchScreen.xib */; };
		03F1459B1A8120AF00676128 /* ObjectiveC_DemoTests.m in Sources */ = {isa = PBXBuildFile; fileRef = 03F1459A1A8120AF00676128 /* ObjectiveC_DemoTests.m */; };
		03F145A61A8120DD00676128 /* DataModel.m in Sources */ = {isa = PBXBuildFile; fileRef = 03F145A51A8120DD00676128 /* DataModel.m */; };
/* End PBXBuildFile section */

/* Begin PBXContainerItemProxy section */
		03F145951A8120AF00676128 /* PBXContainerItemProxy */ = {
			isa = PBXContainerItemProxy;
			containerPortal = 03F145731A8120AF00676128 /* Project object */;
			proxyType = 1;
			remoteGlobalIDString = 03F1457A1A8120AF00676128;
			remoteInfo = "ObjectiveC-Demo";
		};
/* End PBXContainerItemProxy section */

/* Begin PBXFileReference section */
		03F1457B1A8120AF00676128 /* ObjectiveC-Demo.app */ = {isa = PBXFileReference; explicitFileType = wrapper.application; includeInIndex = 0; path = "ObjectiveC-Demo.app"; sourceTree = BUILT_PRODUCTS_DIR; };
		03F1457F1A8120AF00676128 /* Info.plist */ = {isa = PBXFileReference; lastKnownFileType = text.plist.xml; path = Info.plist; sourceTree = "<group>"; };
		03F145801A8120AF00676128 /* main.m */ = {isa = PBXFileReference; lastKnownFileType = sourcecode.c.objc; path = main.m; sourceTree = "<group>"; };
		03F145821A8120AF00676128 /* AppDelegate.h */ = {isa = PBXFileReference; lastKnownFileType = sourcecode.c.h; path = AppDelegate.h; sourceTree = "<group>"; };
		03F145831A8120AF00676128 /* AppDelegate.m */ = {isa = PBXFileReference; lastKnownFileType = sourcecode.c.objc; path = AppDelegate.m; sourceTree = "<group>"; };
		03F145851A8120AF00676128 /* ViewController.h */ = {isa = PBXFileReference; lastKnownFileType = sourcecode.c.h; path = ViewController.h; sourceTree = "<group>"; };
		03F145861A8120AF00676128 /* ViewController.m */ = {isa = PBXFileReference; lastKnownFileType = sourcecode.c.objc; path = ViewController.m; sourceTree = "<group>"; };
		03F145891A8120AF00676128 /* Base */ = {isa = PBXFileReference; lastKnownFileType = file.storyboard; name = Base; path = Base.lproj/Main.storyboard; sourceTree = "<group>"; };
		03F1458B1A8120AF00676128 /* Images.xcassets */ = {isa = PBXFileReference; lastKnownFileType = folder.assetcatalog; path = Images.xcassets; sourceTree = "<group>"; };
		03F1458E1A8120AF00676128 /* Base */ = {isa = PBXFileReference; lastKnownFileType = file.xib; name = Base; path = Base.lproj/LaunchScreen.xib; sourceTree = "<group>"; };
		03F145941A8120AF00676128 /* ObjectiveC-DemoTests.xctest */ = {isa = PBXFileReference; explicitFileType = wrapper.cfbundle; includeInIndex = 0; path = "ObjectiveC-DemoTests.xctest"; sourceTree = BUILT_PRODUCTS_DIR; };
		03F145991A8120AF00676128 /* Info.plist */ = {isa = PBXFileReference; lastKnownFileType = text.plist.xml; path = Info.plist; sourceTree = "<group>"; };
		03F1459A1A8120AF00676128 /* ObjectiveC_DemoTests.m */ = {isa = PBXFileReference; lastKnownFileType = sourcecode.c.objc; path = ObjectiveC_DemoTests.m; sourceTree = "<group>"; };
		03F145A41A8120DD00676128 /* DataModel.h */ = {isa = PBXFileReference; fileEncoding = 4; lastKnownFileType = sourcecode.c.h; path = DataModel.h; sourceTree = "<group>"; };
		03F145A51A8120DD00676128 /* DataModel.m */ = {isa = PBXFileReference; fileEncoding = 4; lastKnownFileType = sourcecode.c.objc; path = DataModel.m; sourceTree = "<group>"; };
/* End PBXFileReference section */

/* Begin PBXFrameworksBuildPhase section */
		03F145781A8120AF00676128 /* Frameworks */ = {
			isa = PBXFrameworksBuildPhase;
			buildActionMask = 2147483647;
			files = (
			);
			runOnlyForDeploymentPostprocessing = 0;
		};
		03F145911A8120AF00676128 /* Frameworks */ = {
			isa = PBXFrameworksBuildPhase;
			buildActionMask = 2147483647;
			files = (
			);
			runOnlyForDeploymentPostprocessing = 0;
		};
/* End PBXFrameworksBuildPhase section */

/* Begin PBXGroup section */
		03F145721A8120AF00676128 = {
			isa = PBXGroup;
			children = (
				03F1457D1A8120AF00676128 /* ObjectiveC-Demo */,
				03F145971A8120AF00676128 /* ObjectiveC-DemoTests */,
				03F1457C1A8120AF00676128 /* Products */,
			);
			sourceTree = "<group>";
		};
		03F1457C1A8120AF00676128 /* Products */ = {
			isa = PBXGroup;
			children = (
				03F1457B1A8120AF00676128 /* ObjectiveC-Demo.app */,
				03F145941A8120AF00676128 /* ObjectiveC-DemoTests.xctest */,
			);
			name = Products;
			sourceTree = "<group>";
		};
		03F1457D1A8120AF00676128 /* ObjectiveC-Demo */ = {
			isa = PBXGroup;
			children = (
				03F145821A8120AF00676128 /* AppDelegate.h */,
				03F145831A8120AF00676128 /* AppDelegate.m */,
				03F145851A8120AF00676128 /* ViewController.h */,
				03F145861A8120AF00676128 /* ViewController.m */,
				03F145881A8120AF00676128 /* Main.storyboard */,
				03F1458B1A8120AF00676128 /* Images.xcassets */,
				03F1458D1A8120AF00676128 /* LaunchScreen.xib */,
				03F1457E1A8120AF00676128 /* Supporting Files */,
				03F145A41A8120DD00676128 /* DataModel.h */,
				03F145A51A8120DD00676128 /* DataModel.m */,
			);
			path = "ObjectiveC-Demo";
			sourceTree = "<group>";
		};
		03F1457E1A8120AF00676128 /* Supporting Files */ = {
			isa = PBXGroup;
			children = (
				03F1457F1A8120AF00676128 /* Info.plist */,
				03F145801A8120AF00676128 /* main.m */,
			);
			name = "Supporting Files";
			sourceTree = "<group>";
		};
		03F145971A8120AF00676128 /* ObjectiveC-DemoTests */ = {
			isa = PBXGroup;
			children = (
				03F1459A1A8120AF00676128 /* ObjectiveC_DemoTests.m */,
				03F145981A8120AF00676128 /* Supporting Files */,
			);
			path = "ObjectiveC-DemoTests";
			sourceTree = "<group>";
		};
		03F145981A8120AF00676128 /* Supporting Files */ = {
			isa = PBXGroup;
			children = (
				03F145991A8120AF00676128 /* Info.plist */,
			);
			name = "Supporting Files";
			sourceTree = "<group>";
		};
/* End PBXGroup section */

/* Begin PBXNativeTarget section */
		03F1457A1A8120AF00676128 /* ObjectiveC-Demo */ = {
			isa = PBXNativeTarget;
			buildConfigurationList = 03F1459E1A8120AF00676128 /* Build configuration list for PBXNativeTarget "ObjectiveC-Demo" */;
			buildPhases = (
				03F145771A8120AF00676128 /* Sources */,
				03F145781A8120AF00676128 /* Frameworks */,
				03F145791A8120AF00676128 /* Resources */,
			);
			buildRules = (
			);
			dependencies = (
			);
			name = "ObjectiveC-Demo";
			productName = "ObjectiveC-Demo";
			productReference = 03F1457B1A8120AF00676128 /* ObjectiveC-Demo.app */;
			productType = "com.apple.product-type.application";
		};
		03F145931A8120AF00676128 /* ObjectiveC-DemoTests */ = {
			isa = PBXNativeTarget;
			buildConfigurationList = 03F145A11A8120AF00676128 /* Build configuration list for PBXNativeTarget "ObjectiveC-DemoTests" */;
			buildPhases = (
				03F145901A8120AF00676128 /* Sources */,
				03F145911A8120AF00676128 /* Frameworks */,
				03F145921A8120AF00676128 /* Resources */,
			);
			buildRules = (
			);
			dependencies = (
				03F145961A8120AF00676128 /* PBXTargetDependency */,
			);
			name = "ObjectiveC-DemoTests";
			productName = "ObjectiveC-DemoTests";
			productReference = 03F145941A8120AF00676128 /* ObjectiveC-DemoTests.xctest */;
			productType = "com.apple.product-type.bundle.unit-test";
		};
/* End PBXNativeTarget section */

/* Begin PBXProject section */
		03F145731A8120AF00676128 /* Project object */ = {
			isa = PBXProject;
			attributes = {
				LastUpgradeCheck = 0930;
				ORGANIZATIONNAME = "David M Reed";
				TargetAttributes = {
					03F1457A1A8120AF00676128 = {
						CreatedOnToolsVersion = 6.1.1;
					};
					03F145931A8120AF00676128 = {
						CreatedOnToolsVersion = 6.1.1;
						TestTargetID = 03F1457A1A8120AF00676128;
					};
				};
			};
			buildConfigurationList = 03F145761A8120AF00676128 /* Build configuration list for PBXProject "ObjectiveC-Demo" */;
			compatibilityVersion = "Xcode 3.2";
			developmentRegion = English;
			hasScannedForEncodings = 0;
			knownRegions = (
				en,
				Base,
			);
			mainGroup = 03F145721A8120AF00676128;
			productRefGroup = 03F1457C1A8120AF00676128 /* Products */;
			projectDirPath = "";
			projectRoot = "";
			targets = (
				03F1457A1A8120AF00676128 /* ObjectiveC-Demo */,
				03F145931A8120AF00676128 /* ObjectiveC-DemoTests */,
			);
		};
/* End PBXProject section */

/* Begin PBXResourcesBuildPhase section */
		03F145791A8120AF00676128 /* Resources */ = {
			isa = PBXResourcesBuildPhase;
			buildActionMask = 2147483647;
			files = (
				03F1458A1A8120AF00676128 /* Main.storyboard in Resources */,
				03F1458F1A8120AF00676128 /* LaunchScreen.xib in Resources */,
				03F1458C1A8120AF00676128 /* Images.xcassets in Resources */,
			);
			runOnlyForDeploymentPostprocessing = 0;
		};
		03F145921A8120AF00676128 /* Resources */ = {
			isa = PBXResourcesBuildPhase;
			buildActionMask = 2147483647;
			files = (
			);
			runOnlyForDeploymentPostprocessing = 0;
		};
/* End PBXResourcesBuildPhase section */

/* Begin PBXSourcesBuildPhase section */
		03F145771A8120AF00676128 /* Sources */ = {
			isa = PBXSourcesBuildPhase;
			buildActionMask = 2147483647;
			files = (
				03F145871A8120AF00676128 /* ViewController.m in Sources */,
				03F145A61A8120DD00676128 /* DataModel.m in Sources */,
				03F145841A8120AF00676128 /* AppDelegate.m in Sources */,
				03F145811A8120AF00676128 /* main.m in Sources */,
			);
			runOnlyForDeploymentPostprocessing = 0;
		};
		03F145901A8120AF00676128 /* Sources */ = {
			isa = PBXSourcesBuildPhase;
			buildActionMask = 2147483647;
			files = (
				03F1459B1A8120AF00676128 /* ObjectiveC_DemoTests.m in Sources */,
			);
			runOnlyForDeploymentPostprocessing = 0;
		};
/* End PBXSourcesBuildPhase section */

/* Begin PBXTargetDependency section */
		03F145961A8120AF00676128 /* PBXTargetDependency */ = {
			isa = PBXTargetDependency;
			target = 03F1457A1A8120AF00676128 /* ObjectiveC-Demo */;
			targetProxy = 03F145951A8120AF00676128 /* PBXContainerItemProxy */;
		};
/* End PBXTargetDependency section */

/* Begin PBXVariantGroup section */
		03F145881A8120AF00676128 /* Main.storyboard */ = {
			isa = PBXVariantGroup;
			children = (
				03F145891A8120AF00676128 /* Base */,
			);
			name = Main.storyboard;
			sourceTree = "<group>";
		};
		03F1458D1A8120AF00676128 /* LaunchScreen.xib */ = {
			isa = PBXVariantGroup;
			children = (
				03F1458E1A8120AF00676128 /* Base */,
			);
			name = LaunchScreen.xib;
			sourceTree = "<group>";
		};
/* End PBXVariantGroup section */

/* Begin XCBuildConfiguration section */
		03F1459C1A8120AF00676128 /* Debug */ = {
			isa = XCBuildConfiguration;
			buildSettings = {
				ALWAYS_SEARCH_USER_PATHS = NO;
				CLANG_CXX_LANGUAGE_STANDARD = "gnu++0x";
				CLANG_CXX_LIBRARY = "libc++";
				CLANG_ENABLE_MODULES = YES;
				CLANG_ENABLE_OBJC_ARC = YES;
				CLANG_WARN_BLOCK_CAPTURE_AUTORELEASING = YES;
				CLANG_WARN_BOOL_CONVERSION = YES;
				CLANG_WARN_COMMA = YES;
				CLANG_WARN_CONSTANT_CONVERSION = YES;
				CLANG_WARN_DEPRECATED_OBJC_IMPLEMENTATIONS = YES;
				CLANG_WARN_DIRECT_OBJC_ISA_USAGE = YES_ERROR;
				CLANG_WARN_EMPTY_BODY = YES;
				CLANG_WARN_ENUM_CONVERSION = YES;
				CLANG_WARN_INFINITE_RECURSION = YES;
				CLANG_WARN_INT_CONVERSION = YES;
				CLANG_WARN_NON_LITERAL_NULL_CONVERSION = YES;
				CLANG_WARN_OBJC_IMPLICIT_RETAIN_SELF = YES;
				CLANG_WARN_OBJC_LITERAL_CONVERSION = YES;
				CLANG_WARN_OBJC_ROOT_CLASS = YES_ERROR;
				CLANG_WARN_RANGE_LOOP_ANALYSIS = YES;
				CLANG_WARN_STRICT_PROTOTYPES = YES;
				CLANG_WARN_SUSPICIOUS_MOVE = YES;
				CLANG_WARN_UNREACHABLE_CODE = YES;
				CLANG_WARN__DUPLICATE_METHOD_MATCH = YES;
				"CODE_SIGN_IDENTITY[sdk=iphoneos*]" = "iPhone Developer";
				COPY_PHASE_STRIP = NO;
				ENABLE_STRICT_OBJC_MSGSEND = YES;
				ENABLE_TESTABILITY = YES;
				GCC_C_LANGUAGE_STANDARD = gnu99;
				GCC_DYNAMIC_NO_PIC = NO;
				GCC_NO_COMMON_BLOCKS = YES;
				GCC_OPTIMIZATION_LEVEL = 0;
				GCC_PREPROCESSOR_DEFINITIONS = (
					"DEBUG=1",
					"$(inherited)",
				);
				GCC_SYMBOLS_PRIVATE_EXTERN = NO;
				GCC_WARN_64_TO_32_BIT_CONVERSION = YES;
				GCC_WARN_ABOUT_RETURN_TYPE = YES_ERROR;
				GCC_WARN_UNDECLARED_SELECTOR = YES;
				GCC_WARN_UNINITIALIZED_AUTOS = YES_AGGRESSIVE;
				GCC_WARN_UNUSED_FUNCTION = YES;
				GCC_WARN_UNUSED_VARIABLE = YES;
				IPHONEOS_DEPLOYMENT_TARGET = 8.1;
				MTL_ENABLE_DEBUG_INFO = YES;
				ONLY_ACTIVE_ARCH = YES;
				SDKROOT = iphoneos;
			};
			name = Debug;
		};
		03F1459D1A8120AF00676128 /* Release */ = {
			isa = XCBuildConfiguration;
			buildSettings = {
				ALWAYS_SEARCH_USER_PATHS = NO;
				CLANG_CXX_LANGUAGE_STANDARD = "gnu++0x";
				CLANG_CXX_LIBRARY = "libc++";
				CLANG_ENABLE_MODULES = YES;
				CLANG_ENABLE_OBJC_ARC = YES;
				CLANG_WARN_BLOCK_CAPTURE_AUTORELEASING = YES;
				CLANG_WARN_BOOL_CONVERSION = YES;
				CLANG_WARN_COMMA = YES;
				CLANG_WARN_CONSTANT_CONVERSION = YES;
				CLANG_WARN_DEPRECATED_OBJC_IMPLEMENTATIONS = YES;
				CLANG_WARN_DIRECT_OBJC_ISA_USAGE = YES_ERROR;
				CLANG_WARN_EMPTY_BODY = YES;
				CLANG_WARN_ENUM_CONVERSION = YES;
				CLANG_WARN_INFINITE_RECURSION = YES;
				CLANG_WARN_INT_CONVERSION = YES;
				CLANG_WARN_NON_LITERAL_NULL_CONVERSION = YES;
				CLANG_WARN_OBJC_IMPLICIT_RETAIN_SELF = YES;
				CLANG_WARN_OBJC_LITERAL_CONVERSION = YES;
				CLANG_WARN_OBJC_ROOT_CLASS = YES_ERROR;
				CLANG_WARN_RANGE_LOOP_ANALYSIS = YES;
				CLANG_WARN_STRICT_PROTOTYPES = YES;
				CLANG_WARN_SUSPICIOUS_MOVE = YES;
				CLANG_WARN_UNREACHABLE_CODE = YES;
				CLANG_WARN__DUPLICATE_METHOD_MATCH = YES;
				"CODE_SIGN_IDENTITY[sdk=iphoneos*]" = "iPhone Developer";
				COPY_PHASE_STRIP = YES;
				ENABLE_NS_ASSERTIONS = NO;
				ENABLE_STRICT_OBJC_MSGSEND = YES;
				GCC_C_LANGUAGE_STANDARD = gnu99;
				GCC_NO_COMMON_BLOCKS = YES;
				GCC_WARN_64_TO_32_BIT_CONVERSION = YES;
				GCC_WARN_ABOUT_RETURN_TYPE = YES_ERROR;
				GCC_WARN_UNDECLARED_SELECTOR = YES;
				GCC_WARN_UNINITIALIZED_AUTOS = YES_AGGRESSIVE;
				GCC_WARN_UNUSED_FUNCTION = YES;
				GCC_WARN_UNUSED_VARIABLE = YES;
				IPHONEOS_DEPLOYMENT_TARGET = 8.1;
				MTL_ENABLE_DEBUG_INFO = NO;
				SDKROOT = iphoneos;
				VALIDATE_PRODUCT = YES;
			};
			name = Release;
		};
		03F1459F1A8120AF00676128 /* Debug */ = {
			isa = XCBuildConfiguration;
			buildSettings = {
				ASSETCATALOG_COMPILER_APPICON_NAME = AppIcon;
				INFOPLIST_FILE = "ObjectiveC-Demo/Info.plist";
				LD_RUNPATH_SEARCH_PATHS = "$(inherited) @executable_path/Frameworks";
				PRODUCT_BUNDLE_IDENTIFIER = "com.dave256apps.$(PRODUCT_NAME:rfc1034identifier)";
				PRODUCT_NAME = "$(TARGET_NAME)";
			};
			name = Debug;
		};
		03F145A01A8120AF00676128 /* Release */ = {
			isa = XCBuildConfiguration;
			buildSettings = {
				ASSETCATALOG_COMPILER_APPICON_NAME = AppIcon;
				INFOPLIST_FILE = "ObjectiveC-Demo/Info.plist";
				LD_RUNPATH_SEARCH_PATHS = "$(inherited) @executable_path/Frameworks";
				PRODUCT_BUNDLE_IDENTIFIER = "com.dave256apps.$(PRODUCT_NAME:rfc1034identifier)";
				PRODUCT_NAME = "$(TARGET_NAME)";
			};
			name = Release;
		};
		03F145A21A8120AF00676128 /* Debug */ = {
			isa = XCBuildConfiguration;
			buildSettings = {
				BUNDLE_LOADER = "$(TEST_HOST)";
				FRAMEWORK_SEARCH_PATHS = (
					"$(SDKROOT)/Developer/Library/Frameworks",
					"$(inherited)",
				);
				GCC_PREPROCESSOR_DEFINITIONS = (
					"DEBUG=1",
					"$(inherited)",
				);
				INFOPLIST_FILE = "ObjectiveC-DemoTests/Info.plist";
				LD_RUNPATH_SEARCH_PATHS = "$(inherited) @executable_path/Frameworks @loader_path/Frameworks";
				PRODUCT_BUNDLE_IDENTIFIER = "com.dave256apps.$(PRODUCT_NAME:rfc1034identifier)";
				PRODUCT_NAME = "$(TARGET_NAME)";
				TEST_HOST = "$(BUILT_PRODUCTS_DIR)/ObjectiveC-Demo.app/ObjectiveC-Demo";
			};
			name = Debug;
		};
		03F145A31A8120AF00676128 /* Release */ = {
			isa = XCBuildConfiguration;
			buildSettings = {
				BUNDLE_LOADER = "$(TEST_HOST)";
				FRAMEWORK_SEARCH_PATHS = (
					"$(SDKROOT)/Developer/Library/Frameworks",
					"$(inherited)",
				);
				INFOPLIST_FILE = "ObjectiveC-DemoTests/Info.plist";
				LD_RUNPATH_SEARCH_PATHS = "$(inherited) @executable_path/Frameworks @loader_path/Frameworks";
				PRODUCT_BUNDLE_IDENTIFIER = "com.dave256apps.$(PRODUCT_NAME:rfc1034identifier)";
				PRODUCT_NAME = "$(TARGET_NAME)";
				TEST_HOST = "$(BUILT_PRODUCTS_DIR)/ObjectiveC-Demo.app/ObjectiveC-Demo";
			};
			name = Release;
		};
/* End XCBuildConfiguration section */

/* Begin XCConfigurationList section */
		03F145761A8120AF00676128 /* Build configuration list for PBXProject "ObjectiveC-Demo" */ = {
			isa = XCConfigurationList;
			buildConfigurations = (
				03F1459C1A8120AF00676128 /* Debug */,
				03F1459D1A8120AF00676128 /* Release */,
			);
			defaultConfigurationIsVisible = 0;
			defaultConfigurationName = Release;
		};
		03F1459E1A8120AF00676128 /* Build configuration list for PBXNativeTarget "ObjectiveC-Demo" */ = {
			isa = XCConfigurationList;
			buildConfigurations = (
				03F1459F1A8120AF00676128 /* Debug */,
				03F145A01A8120AF00676128 /* Release */,
			);
			defaultConfigurationIsVisible = 0;
			defaultConfigurationName = Release;
		};
		03F145A11A8120AF00676128 /* Build configuration list for PBXNativeTarget "ObjectiveC-DemoTests" */ = {
			isa = XCConfigurationList;
			buildConfigurations = (
				03F145A21A8120AF00676128 /* Debug */,
				03F145A31A8120AF00676128 /* Release */,
			);
			defaultConfigurationIsVisible = 0;
			defaultConfigurationName = Release;
		};
/* End XCConfigurationList section */
	};
	rootObject = 03F145731A8120AF00676128 /* Project object */;
}
